
Microsoft Visual Studio Solution File, Format Version 12.00
# Visual Studio Version 17
VisualStudioVersion = 17.9.34714.143
MinimumVisualStudioVersion = 10.0.40219.1
Project("{FAE04EC0-301F-11D3-BF4B-00C04F79EFBC}") = "01_MainSubjects", "01_MainSubjects\01_MainSubjects.csproj", "{A41651EF-4A66-432C-A8D4-2F7140116844}"
EndProject
Project("{FAE04EC0-301F-11D3-BF4B-00C04F79EFBC}") = "02_Variables", "02_Variables\02_Variables.csproj", "{D6C45A22-BA21-4C2B-8A10-B3B61A452EA4}"
EndProject
Project("{FAE04EC0-301F-11D3-BF4B-00C04F79EFBC}") = "03_MakingDecision", "03_MakingDecision\03_MakingDecision.csproj", "{75C22DBD-31C6-4A3E-A302-2603E798E22B}"
EndProject
Global
	GlobalSection(SolutionConfigurationPlatforms) = preSolution
		Debug|Any CPU = Debug|Any CPU
		Release|Any CPU = Release|Any CPU
	EndGlobalSection
	GlobalSection(ProjectConfigurationPlatforms) = postSolution
		{A41651EF-4A66-432C-A8D4-2F7140116844}.Debug|Any CPU.ActiveCfg = Debug|Any CPU
		{A41651EF-4A66-432C-A8D4-2F7140116844}.Debug|Any CPU.Build.0 = Debug|Any CPU
		{A41651EF-4A66-432C-A8D4-2F7140116844}.Release|Any CPU.ActiveCfg = Release|Any CPU
		{A41651EF-4A66-432C-A8D4-2F7140116844}.Release|Any CPU.Build.0 = Release|Any CPU
		{D6C45A22-BA21-4C2B-8A10-B3B61A452EA4}.Debug|Any CPU.ActiveCfg = Debug|Any CPU
		{D6C45A22-BA21-4C2B-8A10-B3B61A452EA4}.Debug|Any CPU.Build.0 = Debug|Any CPU
		{D6C45A22-BA21-4C2B-8A10-B3B61A452EA4}.Release|Any CPU.ActiveCfg = Release|Any CPU
		{D6C45A22-BA21-4C2B-8A10-B3B61A452EA4}.Release|Any CPU.Build.0 = Release|Any CPU
		{75C22DBD-31C6-4A3E-A302-2603E798E22B}.Debug|Any CPU.ActiveCfg = Debug|Any CPU
		{75C22DBD-31C6-4A3E-A302-2603E798E22B}.Debug|Any CPU.Build.0 = Debug|Any CPU
		{75C22DBD-31C6-4A3E-A302-2603E798E22B}.Release|Any CPU.ActiveCfg = Release|Any CPU
		{75C22DBD-31C6-4A3E-A302-2603E798E22B}.Release|Any CPU.Build.0 = Release|Any CPU
	EndGlobalSection
	GlobalSection(SolutionProperties) = preSolution
		HideSolutionNode = FALSE
	EndGlobalSection
	GlobalSection(ExtensibilityGlobals) = postSolution
		SolutionGuid = {3B8F2579-B91B-4AF5-9F92-558A6065E1FA}
	EndGlobalSection
EndGlobal
